// !$*UTF8*$!
{
	archiveVersion = 1;
	classes = {
	};
	objectVersion = 55;
	objects = {

/* Begin PBXBuildFile section */
		CB18F04C283A2A8600C4D73D /* SwiftfulThinkingBootcampApp.swift in Sources */ = {isa = PBXBuildFile; fileRef = CB18F04B283A2A8600C4D73D /* SwiftfulThinkingBootcampApp.swift */; };
		CB18F04E283A2A8600C4D73D /* ContentView.swift in Sources */ = {isa = PBXBuildFile; fileRef = CB18F04D283A2A8600C4D73D /* ContentView.swift */; };
		CB18F050283A2A8900C4D73D /* Assets.xcassets in Resources */ = {isa = PBXBuildFile; fileRef = CB18F04F283A2A8900C4D73D /* Assets.xcassets */; };
		CB18F053283A2A8900C4D73D /* Preview Assets.xcassets in Resources */ = {isa = PBXBuildFile; fileRef = CB18F052283A2A8900C4D73D /* Preview Assets.xcassets */; };
		CB18F05A283A2DEE00C4D73D /* TextBootcamp.swift in Sources */ = {isa = PBXBuildFile; fileRef = CB18F059283A2DEE00C4D73D /* TextBootcamp.swift */; };
		CB18F05C283A533100C4D73D /* ShapesBootcamp.swift in Sources */ = {isa = PBXBuildFile; fileRef = CB18F05B283A533100C4D73D /* ShapesBootcamp.swift */; };
		CB18F05E283A565000C4D73D /* ColorsBootcamp.swift in Sources */ = {isa = PBXBuildFile; fileRef = CB18F05D283A564F00C4D73D /* ColorsBootcamp.swift */; };
		CB33FA2A283BE436008638A8 /* GradientsBootcamp.swift in Sources */ = {isa = PBXBuildFile; fileRef = CB33FA29283BE436008638A8 /* GradientsBootcamp.swift */; };
		CB775CC22841C04800DCB8EA /* BackgroundAndoverlayBootcamp.swift in Sources */ = {isa = PBXBuildFile; fileRef = CB775CC12841C04800DCB8EA /* BackgroundAndoverlayBootcamp.swift */; };
		CB775CC42841D08700DCB8EA /* StacksBootcamp.swift in Sources */ = {isa = PBXBuildFile; fileRef = CB775CC32841D08700DCB8EA /* StacksBootcamp.swift */; };
		CB775CC62841D95400DCB8EA /* PaddingAndSpacerBootcamp.swift in Sources */ = {isa = PBXBuildFile; fileRef = CB775CC52841D95400DCB8EA /* PaddingAndSpacerBootcamp.swift */; };
		CBAD2FC0283E6E8100B2F12E /* IconsBootcamp.swift in Sources */ = {isa = PBXBuildFile; fileRef = CBAD2FBF283E6E8100B2F12E /* IconsBootcamp.swift */; };
		CBAD2FC2283E726000B2F12E /* ImageBootcamp.swift in Sources */ = {isa = PBXBuildFile; fileRef = CBAD2FC1283E726000B2F12E /* ImageBootcamp.swift */; };
		CBAD2FC4283E769700B2F12E /* FrameBootcamp.swift in Sources */ = {isa = PBXBuildFile; fileRef = CBAD2FC3283E769700B2F12E /* FrameBootcamp.swift */; };
/* End PBXBuildFile section */

/* Begin PBXFileReference section */
		CB18F048283A2A8600C4D73D /* SwiftfulThinkingBootcamp.app */ = {isa = PBXFileReference; explicitFileType = wrapper.application; includeInIndex = 0; path = SwiftfulThinkingBootcamp.app; sourceTree = BUILT_PRODUCTS_DIR; };
		CB18F04B283A2A8600C4D73D /* SwiftfulThinkingBootcampApp.swift */ = {isa = PBXFileReference; lastKnownFileType = sourcecode.swift; path = SwiftfulThinkingBootcampApp.swift; sourceTree = "<group>"; };
		CB18F04D283A2A8600C4D73D /* ContentView.swift */ = {isa = PBXFileReference; lastKnownFileType = sourcecode.swift; path = ContentView.swift; sourceTree = "<group>"; };
		CB18F04F283A2A8900C4D73D /* Assets.xcassets */ = {isa = PBXFileReference; lastKnownFileType = folder.assetcatalog; path = Assets.xcassets; sourceTree = "<group>"; };
		CB18F052283A2A8900C4D73D /* Preview Assets.xcassets */ = {isa = PBXFileReference; lastKnownFileType = folder.assetcatalog; path = "Preview Assets.xcassets"; sourceTree = "<group>"; };
		CB18F059283A2DEE00C4D73D /* TextBootcamp.swift */ = {isa = PBXFileReference; lastKnownFileType = sourcecode.swift; path = TextBootcamp.swift; sourceTree = "<group>"; };
		CB18F05B283A533100C4D73D /* ShapesBootcamp.swift */ = {isa = PBXFileReference; lastKnownFileType = sourcecode.swift; path = ShapesBootcamp.swift; sourceTree = "<group>"; };
		CB18F05D283A564F00C4D73D /* ColorsBootcamp.swift */ = {isa = PBXFileReference; lastKnownFileType = sourcecode.swift; path = ColorsBootcamp.swift; sourceTree = "<group>"; };
		CB33FA29283BE436008638A8 /* GradientsBootcamp.swift */ = {isa = PBXFileReference; lastKnownFileType = sourcecode.swift; path = GradientsBootcamp.swift; sourceTree = "<group>"; };
		CB775CC12841C04800DCB8EA /* BackgroundAndoverlayBootcamp.swift */ = {isa = PBXFileReference; lastKnownFileType = sourcecode.swift; path = BackgroundAndoverlayBootcamp.swift; sourceTree = "<group>"; };
		CB775CC32841D08700DCB8EA /* StacksBootcamp.swift */ = {isa = PBXFileReference; lastKnownFileType = sourcecode.swift; path = StacksBootcamp.swift; sourceTree = "<group>"; };
		CB775CC52841D95400DCB8EA /* PaddingAndSpacerBootcamp.swift */ = {isa = PBXFileReference; lastKnownFileType = sourcecode.swift; path = PaddingAndSpacerBootcamp.swift; sourceTree = "<group>"; };
		CBAD2FBF283E6E8100B2F12E /* IconsBootcamp.swift */ = {isa = PBXFileReference; lastKnownFileType = sourcecode.swift; path = IconsBootcamp.swift; sourceTree = "<group>"; };
		CBAD2FC1283E726000B2F12E /* ImageBootcamp.swift */ = {isa = PBXFileReference; lastKnownFileType = sourcecode.swift; path = ImageBootcamp.swift; sourceTree = "<group>"; };
		CBAD2FC3283E769700B2F12E /* FrameBootcamp.swift */ = {isa = PBXFileReference; lastKnownFileType = sourcecode.swift; path = FrameBootcamp.swift; sourceTree = "<group>"; };
/* End PBXFileReference section */

/* Begin PBXFrameworksBuildPhase section */
		CB18F045283A2A8600C4D73D /* Frameworks */ = {
			isa = PBXFrameworksBuildPhase;
			buildActionMask = 2147483647;
			files = (
			);
			runOnlyForDeploymentPostprocessing = 0;
		};
/* End PBXFrameworksBuildPhase section */

/* Begin PBXGroup section */
		CB18F03F283A2A8600C4D73D = {
			isa = PBXGroup;
			children = (
				CB18F04A283A2A8600C4D73D /* SwiftfulThinkingBootcamp */,
				CB18F049283A2A8600C4D73D /* Products */,
			);
			sourceTree = "<group>";
		};
		CB18F049283A2A8600C4D73D /* Products */ = {
			isa = PBXGroup;
			children = (
				CB18F048283A2A8600C4D73D /* SwiftfulThinkingBootcamp.app */,
			);
			name = Products;
			sourceTree = "<group>";
		};
		CB18F04A283A2A8600C4D73D /* SwiftfulThinkingBootcamp */ = {
			isa = PBXGroup;
			children = (
				CB18F04B283A2A8600C4D73D /* SwiftfulThinkingBootcampApp.swift */,
				CB18F04D283A2A8600C4D73D /* ContentView.swift */,
				CB18F059283A2DEE00C4D73D /* TextBootcamp.swift */,
				CB18F05B283A533100C4D73D /* ShapesBootcamp.swift */,
				CB18F05D283A564F00C4D73D /* ColorsBootcamp.swift */,
				CBAD2FC3283E769700B2F12E /* FrameBootcamp.swift */,
				CB775CC32841D08700DCB8EA /* StacksBootcamp.swift */,
				CB775CC52841D95400DCB8EA /* PaddingAndSpacerBootcamp.swift */,
				CBAD2FC1283E726000B2F12E /* ImageBootcamp.swift */,
				CB775CC12841C04800DCB8EA /* BackgroundAndoverlayBootcamp.swift */,
				CB33FA29283BE436008638A8 /* GradientsBootcamp.swift */,
				CBAD2FBF283E6E8100B2F12E /* IconsBootcamp.swift */,
				CB18F04F283A2A8900C4D73D /* Assets.xcassets */,
				CB18F051283A2A8900C4D73D /* Preview Content */,
			);
			path = SwiftfulThinkingBootcamp;
			sourceTree = "<group>";
		};
		CB18F051283A2A8900C4D73D /* Preview Content */ = {
			isa = PBXGroup;
			children = (
				CB18F052283A2A8900C4D73D /* Preview Assets.xcassets */,
			);
			path = "Preview Content";
			sourceTree = "<group>";
		};
/* End PBXGroup section */

/* Begin PBXNativeTarget section */
		CB18F047283A2A8600C4D73D /* SwiftfulThinkingBootcamp */ = {
			isa = PBXNativeTarget;
			buildConfigurationList = CB18F056283A2A8900C4D73D /* Build configuration list for PBXNativeTarget "SwiftfulThinkingBootcamp" */;
			buildPhases = (
				CB18F044283A2A8600C4D73D /* Sources */,
				CB18F045283A2A8600C4D73D /* Frameworks */,
				CB18F046283A2A8600C4D73D /* Resources */,
			);
			buildRules = (
			);
			dependencies = (
			);
			name = SwiftfulThinkingBootcamp;
			productName = SwiftfulThinkingBootcamp;
			productReference = CB18F048283A2A8600C4D73D /* SwiftfulThinkingBootcamp.app */;
			productType = "com.apple.product-type.application";
		};
/* End PBXNativeTarget section */

/* Begin PBXProject section */
		CB18F040283A2A8600C4D73D /* Project object */ = {
			isa = PBXProject;
			attributes = {
				BuildIndependentTargetsInParallel = 1;
				LastSwiftUpdateCheck = 1330;
				LastUpgradeCheck = 1330;
				TargetAttributes = {
					CB18F047283A2A8600C4D73D = {
						CreatedOnToolsVersion = 13.3.1;
					};
				};
			};
			buildConfigurationList = CB18F043283A2A8600C4D73D /* Build configuration list for PBXProject "SwiftfulThinkingBootcamp" */;
			compatibilityVersion = "Xcode 13.0";
			developmentRegion = en;
			hasScannedForEncodings = 0;
			knownRegions = (
				en,
				Base,
			);
			mainGroup = CB18F03F283A2A8600C4D73D;
			productRefGroup = CB18F049283A2A8600C4D73D /* Products */;
			projectDirPath = "";
			projectRoot = "";
			targets = (
				CB18F047283A2A8600C4D73D /* SwiftfulThinkingBootcamp */,
			);
		};
/* End PBXProject section */

/* Begin PBXResourcesBuildPhase section */
		CB18F046283A2A8600C4D73D /* Resources */ = {
			isa = PBXResourcesBuildPhase;
			buildActionMask = 2147483647;
			files = (
				CB18F053283A2A8900C4D73D /* Preview Assets.xcassets in Resources */,
				CB18F050283A2A8900C4D73D /* Assets.xcassets in Resources */,
			);
			runOnlyForDeploymentPostprocessing = 0;
		};
/* End PBXResourcesBuildPhase section */

/* Begin PBXSourcesBuildPhase section */
		CB18F044283A2A8600C4D73D /* Sources */ = {
			isa = PBXSourcesBuildPhase;
			buildActionMask = 2147483647;
			files = (
				CB33FA2A283BE436008638A8 /* GradientsBootcamp.swift in Sources */,
				CB18F05E283A565000C4D73D /* ColorsBootcamp.swift in Sources */,
				CB775CC62841D95400DCB8EA /* PaddingAndSpacerBootcamp.swift in Sources */,
				CBAD2FC4283E769700B2F12E /* FrameBootcamp.swift in Sources */,
				CB775CC22841C04800DCB8EA /* BackgroundAndoverlayBootcamp.swift in Sources */,
				CB18F05C283A533100C4D73D /* ShapesBootcamp.swift in Sources */,
				CB18F04E283A2A8600C4D73D /* ContentView.swift in Sources */,
				CB18F05A283A2DEE00C4D73D /* TextBootcamp.swift in Sources */,
				CB18F04C283A2A8600C4D73D /* SwiftfulThinkingBootcampApp.swift in Sources */,
				CB775CC42841D08700DCB8EA /* StacksBootcamp.swift in Sources */,
				CBAD2FC2283E726000B2F12E /* ImageBootcamp.swift in Sources */,
				CBAD2FC0283E6E8100B2F12E /* IconsBootcamp.swift in Sources */,
			);
			runOnlyForDeploymentPostprocessing = 0;
		};
/* End PBXSourcesBuildPhase section */

/* Begin XCBuildConfiguration section */
		CB18F054283A2A8900C4D73D /* Debug */ = {
			isa = XCBuildConfiguration;
			buildSettings = {
				ALWAYS_SEARCH_USER_PATHS = NO;
				CLANG_ANALYZER_NONNULL = YES;
				CLANG_ANALYZER_NUMBER_OBJECT_CONVERSION = YES_AGGRESSIVE;
				CLANG_CXX_LANGUAGE_STANDARD = "gnu++17";
				CLANG_ENABLE_MODULES = YES;
				CLANG_ENABLE_OBJC_ARC = YES;
				CLANG_ENABLE_OBJC_WEAK = YES;
				CLANG_WARN_BLOCK_CAPTURE_AUTORELEASING = YES;
				CLANG_WARN_BOOL_CONVERSION = YES;
				CLANG_WARN_COMMA = YES;
				CLANG_WARN_CONSTANT_CONVERSION = YES;
				CLANG_WARN_DEPRECATED_OBJC_IMPLEMENTATIONS = YES;
				CLANG_WARN_DIRECT_OBJC_ISA_USAGE = YES_ERROR;
				CLANG_WARN_DOCUMENTATION_COMMENTS = YES;
				CLANG_WARN_EMPTY_BODY = YES;
				CLANG_WARN_ENUM_CONVERSION = YES;
				CLANG_WARN_INFINITE_RECURSION = YES;
				CLANG_WARN_INT_CONVERSION = YES;
				CLANG_WARN_NON_LITERAL_NULL_CONVERSION = YES;
				CLANG_WARN_OBJC_IMPLICIT_RETAIN_SELF = YES;
				CLANG_WARN_OBJC_LITERAL_CONVERSION = YES;
				CLANG_WARN_OBJC_ROOT_CLASS = YES_ERROR;
				CLANG_WARN_QUOTED_INCLUDE_IN_FRAMEWORK_HEADER = YES;
				CLANG_WARN_RANGE_LOOP_ANALYSIS = YES;
				CLANG_WARN_STRICT_PROTOTYPES = YES;
				CLANG_WARN_SUSPICIOUS_MOVE = YES;
				CLANG_WARN_UNGUARDED_AVAILABILITY = YES_AGGRESSIVE;
				CLANG_WARN_UNREACHABLE_CODE = YES;
				CLANG_WARN__DUPLICATE_METHOD_MATCH = YES;
				COPY_PHASE_STRIP = NO;
				DEBUG_INFORMATION_FORMAT = dwarf;
				ENABLE_STRICT_OBJC_MSGSEND = YES;
				ENABLE_TESTABILITY = YES;
				GCC_C_LANGUAGE_STANDARD = gnu11;
				GCC_DYNAMIC_NO_PIC = NO;
				GCC_NO_COMMON_BLOCKS = YES;
				GCC_OPTIMIZATION_LEVEL = 0;
				GCC_PREPROCESSOR_DEFINITIONS = (
					"DEBUG=1",
					"$(inherited)",
				);
				GCC_WARN_64_TO_32_BIT_CONVERSION = YES;
				GCC_WARN_ABOUT_RETURN_TYPE = YES_ERROR;
				GCC_WARN_UNDECLARED_SELECTOR = YES;
				GCC_WARN_UNINITIALIZED_AUTOS = YES_AGGRESSIVE;
				GCC_WARN_UNUSED_FUNCTION = YES;
				GCC_WARN_UNUSED_VARIABLE = YES;
				IPHONEOS_DEPLOYMENT_TARGET = 15.4;
				MTL_ENABLE_DEBUG_INFO = INCLUDE_SOURCE;
				MTL_FAST_MATH = YES;
				ONLY_ACTIVE_ARCH = YES;
				SDKROOT = iphoneos;
				SWIFT_ACTIVE_COMPILATION_CONDITIONS = DEBUG;
				SWIFT_OPTIMIZATION_LEVEL = "-Onone";
			};
			name = Debug;
		};
		CB18F055283A2A8900C4D73D /* Release */ = {
			isa = XCBuildConfiguration;
			buildSettings = {
				ALWAYS_SEARCH_USER_PATHS = NO;
				CLANG_ANALYZER_NONNULL = YES;
				CLANG_ANALYZER_NUMBER_OBJECT_CONVERSION = YES_AGGRESSIVE;
				CLANG_CXX_LANGUAGE_STANDARD = "gnu++17";
				CLANG_ENABLE_MODULES = YES;
				CLANG_ENABLE_OBJC_ARC = YES;
				CLANG_ENABLE_OBJC_WEAK = YES;
				CLANG_WARN_BLOCK_CAPTURE_AUTORELEASING = YES;
				CLANG_WARN_BOOL_CONVERSION = YES;
				CLANG_WARN_COMMA = YES;
				CLANG_WARN_CONSTANT_CONVERSION = YES;
				CLANG_WARN_DEPRECATED_OBJC_IMPLEMENTATIONS = YES;
				CLANG_WARN_DIRECT_OBJC_ISA_USAGE = YES_ERROR;
				CLANG_WARN_DOCUMENTATION_COMMENTS = YES;
				CLANG_WARN_EMPTY_BODY = YES;
				CLANG_WARN_ENUM_CONVERSION = YES;
				CLANG_WARN_INFINITE_RECURSION = YES;
				CLANG_WARN_INT_CONVERSION = YES;
				CLANG_WARN_NON_LITERAL_NULL_CONVERSION = YES;
				CLANG_WARN_OBJC_IMPLICIT_RETAIN_SELF = YES;
				CLANG_WARN_OBJC_LITERAL_CONVERSION = YES;
				CLANG_WARN_OBJC_ROOT_CLASS = YES_ERROR;
				CLANG_WARN_QUOTED_INCLUDE_IN_FRAMEWORK_HEADER = YES;
				CLANG_WARN_RANGE_LOOP_ANALYSIS = YES;
				CLANG_WARN_STRICT_PROTOTYPES = YES;
				CLANG_WARN_SUSPICIOUS_MOVE = YES;
				CLANG_WARN_UNGUARDED_AVAILABILITY = YES_AGGRESSIVE;
				CLANG_WARN_UNREACHABLE_CODE = YES;
				CLANG_WARN__DUPLICATE_METHOD_MATCH = YES;
				COPY_PHASE_STRIP = NO;
				DEBUG_INFORMATION_FORMAT = "dwarf-with-dsym";
				ENABLE_NS_ASSERTIONS = NO;
				ENABLE_STRICT_OBJC_MSGSEND = YES;
				GCC_C_LANGUAGE_STANDARD = gnu11;
				GCC_NO_COMMON_BLOCKS = YES;
				GCC_WARN_64_TO_32_BIT_CONVERSION = YES;
				GCC_WARN_ABOUT_RETURN_TYPE = YES_ERROR;
				GCC_WARN_UNDECLARED_SELECTOR = YES;
				GCC_WARN_UNINITIALIZED_AUTOS = YES_AGGRESSIVE;
				GCC_WARN_UNUSED_FUNCTION = YES;
				GCC_WARN_UNUSED_VARIABLE = YES;
				IPHONEOS_DEPLOYMENT_TARGET = 15.4;
				MTL_ENABLE_DEBUG_INFO = NO;
				MTL_FAST_MATH = YES;
				SDKROOT = iphoneos;
				SWIFT_COMPILATION_MODE = wholemodule;
				SWIFT_OPTIMIZATION_LEVEL = "-O";
				VALIDATE_PRODUCT = YES;
			};
			name = Release;
		};
		CB18F057283A2A8900C4D73D /* Debug */ = {
			isa = XCBuildConfiguration;
			buildSettings = {
				ASSETCATALOG_COMPILER_APPICON_NAME = AppIcon;
				ASSETCATALOG_COMPILER_GLOBAL_ACCENT_COLOR_NAME = AccentColor;
				CODE_SIGN_STYLE = Automatic;
				CURRENT_PROJECT_VERSION = 1;
				DEVELOPMENT_ASSET_PATHS = "\"SwiftfulThinkingBootcamp/Preview Content\"";
				DEVELOPMENT_TEAM = 3Y8YH8GWMM;
				ENABLE_PREVIEWS = YES;
				GENERATE_INFOPLIST_FILE = YES;
				INFOPLIST_KEY_UIApplicationSceneManifest_Generation = YES;
				INFOPLIST_KEY_UIApplicationSupportsIndirectInputEvents = YES;
				INFOPLIST_KEY_UILaunchScreen_Generation = YES;
				INFOPLIST_KEY_UISupportedInterfaceOrientations = "UIInterfaceOrientationPortrait UIInterfaceOrientationLandscapeLeft UIInterfaceOrientationLandscapeRight";
				INFOPLIST_KEY_UISupportedInterfaceOrientations_iPad = "UIInterfaceOrientationPortrait UIInterfaceOrientationPortraitUpsideDown UIInterfaceOrientationLandscapeLeft UIInterfaceOrientationLandscapeRight";
				INFOPLIST_KEY_UISupportedInterfaceOrientations_iPhone = "UIInterfaceOrientationPortrait UIInterfaceOrientationLandscapeLeft UIInterfaceOrientationLandscapeRight";
				LD_RUNPATH_SEARCH_PATHS = (
					"$(inherited)",
					"@executable_path/Frameworks",
				);
				MARKETING_VERSION = 1.0;
				PRODUCT_BUNDLE_IDENTIFIER = com.coby.SwiftfulThinkingBootcamp;
				PRODUCT_NAME = "$(TARGET_NAME)";
				SWIFT_EMIT_LOC_STRINGS = YES;
				SWIFT_VERSION = 5.0;
				TARGETED_DEVICE_FAMILY = "1,2";
			};
			name = Debug;
		};
		CB18F058283A2A8900C4D73D /* Release */ = {
			isa = XCBuildConfiguration;
			buildSettings = {
				ASSETCATALOG_COMPILER_APPICON_NAME = AppIcon;
				ASSETCATALOG_COMPILER_GLOBAL_ACCENT_COLOR_NAME = AccentColor;
				CODE_SIGN_STYLE = Automatic;
				CURRENT_PROJECT_VERSION = 1;
				DEVELOPMENT_ASSET_PATHS = "\"SwiftfulThinkingBootcamp/Preview Content\"";
				DEVELOPMENT_TEAM = 3Y8YH8GWMM;
				ENABLE_PREVIEWS = YES;
				GENERATE_INFOPLIST_FILE = YES;
				INFOPLIST_KEY_UIApplicationSceneManifest_Generation = YES;
				INFOPLIST_KEY_UIApplicationSupportsIndirectInputEvents = YES;
				INFOPLIST_KEY_UILaunchScreen_Generation = YES;
				INFOPLIST_KEY_UISupportedInterfaceOrientations = "UIInterfaceOrientationPortrait UIInterfaceOrientationLandscapeLeft UIInterfaceOrientationLandscapeRight";
				INFOPLIST_KEY_UISupportedInterfaceOrientations_iPad = "UIInterfaceOrientationPortrait UIInterfaceOrientationPortraitUpsideDown UIInterfaceOrientationLandscapeLeft UIInterfaceOrientationLandscapeRight";
				INFOPLIST_KEY_UISupportedInterfaceOrientations_iPhone = "UIInterfaceOrientationPortrait UIInterfaceOrientationLandscapeLeft UIInterfaceOrientationLandscapeRight";
				LD_RUNPATH_SEARCH_PATHS = (
					"$(inherited)",
					"@executable_path/Frameworks",
				);
				MARKETING_VERSION = 1.0;
				PRODUCT_BUNDLE_IDENTIFIER = com.coby.SwiftfulThinkingBootcamp;
				PRODUCT_NAME = "$(TARGET_NAME)";
				SWIFT_EMIT_LOC_STRINGS = YES;
				SWIFT_VERSION = 5.0;
				TARGETED_DEVICE_FAMILY = "1,2";
			};
			name = Release;
		};
/* End XCBuildConfiguration section */

/* Begin XCConfigurationList section */
		CB18F043283A2A8600C4D73D /* Build configuration list for PBXProject "SwiftfulThinkingBootcamp" */ = {
			isa = XCConfigurationList;
			buildConfigurations = (
				CB18F054283A2A8900C4D73D /* Debug */,
				CB18F055283A2A8900C4D73D /* Release */,
			);
			defaultConfigurationIsVisible = 0;
			defaultConfigurationName = Release;
		};
		CB18F056283A2A8900C4D73D /* Build configuration list for PBXNativeTarget "SwiftfulThinkingBootcamp" */ = {
			isa = XCConfigurationList;
			buildConfigurations = (
				CB18F057283A2A8900C4D73D /* Debug */,
				CB18F058283A2A8900C4D73D /* Release */,
			);
			defaultConfigurationIsVisible = 0;
			defaultConfigurationName = Release;
		};
/* End XCConfigurationList section */
	};
	rootObject = CB18F040283A2A8600C4D73D /* Project object */;
}
